# THIS IS AN AUTOGENERATED FILE. DO NOT EDIT THIS FILE DIRECTLY.
# yarn lockfile v1


"@babel/parser@^7.23.9":
  version "7.23.9"
  resolved "https://registry.npmjs.org/@babel/parser/-/parser-7.23.9.tgz"
  integrity sha512-9tcKgqKbs3xGJ+NtKF2ndOBBLVwPjl1SHxPQkd36r3Dlirw3xWUeGaTbqr7uGZcTaxkVNwc+03SVP7aCdWrTlA==

"@esbuild/win32-x64@0.18.20":
  version "0.18.20"
  resolved "https://registry.npmjs.org/@esbuild/win32-x64/-/win32-x64-0.18.20.tgz"
  integrity sha512-kTdfRcSiDfQca/y9QIkng02avJ+NCaQvrMejlsB3RRv5sE9rRoeBPISaZpKxHELzRxZyLvNts1P27W3wV+8geQ==

"@jridgewell/sourcemap-codec@^1.4.15":
  version "1.4.15"
  resolved "https://registry.npmjs.org/@jridgewell/sourcemap-codec/-/sourcemap-codec-1.4.15.tgz"
  integrity sha512-eF2rxCRulEKXHTRiDrDy6erMYWqNw4LPdQ8UQA4huuxaQsVeRPFl2oM8oDGxMFhJUWZf9McpLtJasDDZb/Bpeg==

"@massif/lancer-data@^3.1.6":
  version "3.1.6"
  resolved "https://registry.npmjs.org/@massif/lancer-data/-/lancer-data-3.1.6.tgz"
  integrity sha512-xZ4O4dKUytara0BtyzAAWVbUW7YxDDgnHsumCDLjNyeIzDanGIk6dEPP8bkTOaFvu8mInDxi+Eqy3fVeVRWcRw==

"@mdi/font@^7.1.96":
  version "7.4.47"
  resolved "https://registry.npmjs.org/@mdi/font/-/font-7.4.47.tgz"
  integrity sha512-43MtGpd585SNzHZPcYowu/84Vz2a2g31TvPMTm9uTiCSWzaheQySUcSyUH/46fPnuPQWof2yd0pGBtzee/IQWw==

"@popperjs/core@^2.9.0":
  version "2.11.8"
  resolved "https://registry.npmjs.org/@popperjs/core/-/core-2.11.8.tgz"
  integrity sha512-P1st0aksCrn9sGZhp8GMYwBnQsbvAWsZAX44oXNNvLHGqAOcoVxmjZiohstwQ7SqKnbR47akdNi+uleWD8+g6A==

"@remirror/core-constants@^2.0.2":
  version "2.0.2"
  resolved "https://registry.npmjs.org/@remirror/core-constants/-/core-constants-2.0.2.tgz"
  integrity sha512-dyHY+sMF0ihPus3O27ODd4+agdHMEmuRdyiZJ2CCWjPV5UFmn17ZbElvk6WOGVE4rdCJKZQCrPV2BcikOMLUGQ==

"@remirror/core-helpers@^3.0.0":
  version "3.0.0"
  resolved "https://registry.npmjs.org/@remirror/core-helpers/-/core-helpers-3.0.0.tgz"
  integrity sha512-tusEgQJIqg4qKj6HSBUFcyRnWnziw3neh4T9wOmsPGHFC3w9kl5KSrDb9UAgE8uX6y32FnS7vJ955mWOl3n50A==
  dependencies:
    "@remirror/core-constants" "^2.0.2"
    "@remirror/types" "^1.0.1"
    "@types/object.omit" "^3.0.0"
    "@types/object.pick" "^1.3.2"
    "@types/throttle-debounce" "^2.1.0"
    case-anything "^2.1.13"
    dash-get "^1.0.2"
    deepmerge "^4.3.1"
    fast-deep-equal "^3.1.3"
    make-error "^1.3.6"
    object.omit "^3.0.0"
    object.pick "^1.3.0"
    throttle-debounce "^3.0.1"

"@remirror/types@^1.0.1":
  version "1.0.1"
  resolved "https://registry.npmjs.org/@remirror/types/-/types-1.0.1.tgz"
  integrity sha512-VlZQxwGnt1jtQ18D6JqdIF+uFZo525WEqrfp9BOc3COPpK4+AWCgdnAWL+ho6imWcoINlGjR/+3b6y5C1vBVEA==
  dependencies:
    type-fest "^2.19.0"

"@tiptap/core@^2.0.0", "@tiptap/core@^2.2.3":
  version "2.2.3"
  resolved "https://registry.npmjs.org/@tiptap/core/-/core-2.2.3.tgz"
  integrity sha512-0l3p1/cuaQk8XFf+Ft/ExbUjReGes5Iep7y4nuL/Fzi2S92DZzozY6cosXBHC/Xsqzn6zIkl/gnQTgmTvlmhCQ==

"@tiptap/extension-blockquote@^2.2.3":
  version "2.2.3"
  resolved "https://registry.npmjs.org/@tiptap/extension-blockquote/-/extension-blockquote-2.2.3.tgz"
  integrity sha512-gN23d/ADhTOB0YIM4lR0VrVczdyaXpmIVYYWZ45tQEVJzFWRSIScE9m9NaVqtqwEMpYHyTHxLth0OQutZ91sog==

"@tiptap/extension-bold@^2.2.3":
  version "2.2.3"
  resolved "https://registry.npmjs.org/@tiptap/extension-bold/-/extension-bold-2.2.3.tgz"
  integrity sha512-bHeFkRY5+Nf2DKupstV8EIVn359tw/9MFwDEDoF9F+Sn/vjuS35vm0OqjXYg/Ya9CQvwl/2oym/fKv5kO+Q6og==

"@tiptap/extension-bubble-menu@^2.2.3":
  version "2.2.3"
  resolved "https://registry.npmjs.org/@tiptap/extension-bubble-menu/-/extension-bubble-menu-2.2.3.tgz"
  integrity sha512-6ybColxLznGilzOY/yk3KcpV4JQy+QDDW6Za6zWV6OEs9D8I8VUeMAS77isMMc1dffvHfmgZpVZm/lsva8UuCw==
  dependencies:
    tippy.js "^6.3.7"

"@tiptap/extension-bullet-list@^2.2.3":
  version "2.2.3"
  resolved "https://registry.npmjs.org/@tiptap/extension-bullet-list/-/extension-bullet-list-2.2.3.tgz"
  integrity sha512-BpYg1pIfLE+2LTC90ts53deEWGSmAojhM/jJ84U19qfbfXt/7/KHrZJ4SAMxJSW3pLpy0bIq2XuOuvppOYVR5g==

"@tiptap/extension-code-block@^2.2.3":
  version "2.2.3"
  resolved "https://registry.npmjs.org/@tiptap/extension-code-block/-/extension-code-block-2.2.3.tgz"
  integrity sha512-1xFM2Aj/JEWAT1PWjQ/7hEVmo1Av6JHxTANxMIjXUcmrMJkXDA+BQ7yItlwrrHxY0SJdxBbR/WWFn4dWIxd7iA==

"@tiptap/extension-code@^2.2.3":
  version "2.2.3"
  resolved "https://registry.npmjs.org/@tiptap/extension-code/-/extension-code-2.2.3.tgz"
  integrity sha512-ZMp3CrbAV+PVOnPbGmruvlxFENLc+J/Fos8Y4mWvS1nDbrGuu19OKgKimwdzfDBpZVFVnHpEUnDTMBDzDe0hkg==

"@tiptap/extension-document@^2.2.3":
  version "2.2.3"
  resolved "https://registry.npmjs.org/@tiptap/extension-document/-/extension-document-2.2.3.tgz"
  integrity sha512-60Egd9yKb5SzpQlstQAP2A/2a/Qr+A+TblMRKZugrT+NENUhAj6Tx1HxWlblqGu2MsS1iXvQLZ6BQO1jHkL2IQ==

"@tiptap/extension-dropcursor@^2.2.3":
  version "2.2.3"
  resolved "https://registry.npmjs.org/@tiptap/extension-dropcursor/-/extension-dropcursor-2.2.3.tgz"
  integrity sha512-SFvxgVX8/l3H+fV1q6dwmVEwlHuGbaKp1pkQb16/cDiWke/AWOBFTGOIVDfulLI5IiRIL7u3uc+Fy7BXrGDqQw==

"@tiptap/extension-floating-menu@^2.2.3":
  version "2.2.3"
  resolved "https://registry.npmjs.org/@tiptap/extension-floating-menu/-/extension-floating-menu-2.2.3.tgz"
  integrity sha512-ZeQGmIFNImhu/zzn//Xzupwa82j2vIwiMoviX2zd+2DutoFnm4qRIAU6qpjzV+ZOSHAq3aBMGnYwEAY6vl4f3g==
  dependencies:
    tippy.js "^6.3.7"

"@tiptap/extension-gapcursor@^2.2.3":
  version "2.2.3"
  resolved "https://registry.npmjs.org/@tiptap/extension-gapcursor/-/extension-gapcursor-2.2.3.tgz"
  integrity sha512-zPVpxembkuOQL/eJ5oAjvZ9Tyv480OpViKrNtOsQh+0nZctmWKnfDntMoWBZiSeW1vsGjkeFIckdeEAQ1KbIxA==

"@tiptap/extension-hard-break@^2.2.3":
  version "2.2.3"
  resolved "https://registry.npmjs.org/@tiptap/extension-hard-break/-/extension-hard-break-2.2.3.tgz"
  integrity sha512-P7sP4WBEaQyiiFAswy9lKvaUWUAUwnfTSN3svTAgx0fpU3/ZeVWg+SDi5ve474Ym2oz2eRAr09mNTdWEUsL32Q==

"@tiptap/extension-heading@^2.2.3":
  version "2.2.3"
  resolved "https://registry.npmjs.org/@tiptap/extension-heading/-/extension-heading-2.2.3.tgz"
  integrity sha512-7atctuvtwPqIAdnBPOhAMsJZd41UPnWN3CktzgzfsfEoplq/86QR1hGIE4JXVB2wAZDmbnKP9Fe8PCNr7Q8JCQ==

"@tiptap/extension-history@^2.2.3":
  version "2.2.3"
  resolved "https://registry.npmjs.org/@tiptap/extension-history/-/extension-history-2.2.3.tgz"
  integrity sha512-S1TUfLtrasyv4zFNlBL302uYaR4wxqR/T36a4d71c0ozr0PsdVc6/f9lfH4aYw4PmS3fzDwJj0PAJ9bb+qDbPw==

"@tiptap/extension-horizontal-rule@^2.2.3":
  version "2.2.3"
  resolved "https://registry.npmjs.org/@tiptap/extension-horizontal-rule/-/extension-horizontal-rule-2.2.3.tgz"
  integrity sha512-pc0J0hBcvj9ymJkFau1W/3L+OhB1PQzMjsx4ZWJvxURL8U7zdDqvYvJjfCA0i5Qw2ZuSVXFACGbEVr6NoCMRAw==

"@tiptap/extension-italic@^2.2.3":
  version "2.2.3"
  resolved "https://registry.npmjs.org/@tiptap/extension-italic/-/extension-italic-2.2.3.tgz"
  integrity sha512-SSsFuRnm4Y4Qnc6EuvmA4iarLCt/sg8qkqCKiNPjDUP5JR8HGESeoYVjQzprLHY8jusT9qoC26TP1Sin5vZmWQ==

"@tiptap/extension-list-item@^2.2.3":
  version "2.2.3"
  resolved "https://registry.npmjs.org/@tiptap/extension-list-item/-/extension-list-item-2.2.3.tgz"
  integrity sha512-eyfk4f1jOioj+mkIN2m6XQK61MpV0fi17utt8VNx893Td8kS0g7HHuuYMwyjIRtG35ENUaAt7c216JQwnLsrAw==

"@tiptap/extension-ordered-list@^2.2.3":
  version "2.2.3"
  resolved "https://registry.npmjs.org/@tiptap/extension-ordered-list/-/extension-ordered-list-2.2.3.tgz"
  integrity sha512-YIWpjkHAJN74tY185ZqatlG4+KbXQOdkJpc5cKWqO89gVWLi7+4xwdeeXbTEG64/LOOWS4Q6r1/EJmDy2FCbyA==

"@tiptap/extension-paragraph@^2.2.3":
  version "2.2.3"
  resolved "https://registry.npmjs.org/@tiptap/extension-paragraph/-/extension-paragraph-2.2.3.tgz"
  integrity sha512-4dP+Ecb2iEWW33ckFKjXRnSfEygaFUN19qzc7mUYD8e61ZA8caWL6//uL7DFIz4Q1rchyefbU52gCwTh2P42kQ==

"@tiptap/extension-strike@^2.2.3":
  version "2.2.3"
  resolved "https://registry.npmjs.org/@tiptap/extension-strike/-/extension-strike-2.2.3.tgz"
  integrity sha512-3wwFk01ociZajRzD08hp4j/4isFUeD6BIkKPDnZeGD5HKPdTOaDciE3dJ3JaZZrRZPPdPV3yMt5hkBOapqEKzQ==

"@tiptap/extension-text-align@^2.0.0-beta.218":
  version "2.2.3"
  resolved "https://registry.npmjs.org/@tiptap/extension-text-align/-/extension-text-align-2.2.3.tgz"
  integrity sha512-Di/nNTlWsd9LW2NYUg80MkwDnDy9E8H2o2m8Vi/FgvCvDikDr/VD2+AD37SfJMxAjiPFqhJJMyci3vY2Yenv0g==

"@tiptap/extension-text@^2.2.3":
  version "2.2.3"
  resolved "https://registry.npmjs.org/@tiptap/extension-text/-/extension-text-2.2.3.tgz"
  integrity sha512-BrWGCkmuzVcsNy7dSCfJyVwedPzeNz6BR/OUNzM8Mqt2KSxfoIRy7cg16HvFB4YW+ijrM9XUqDIFvqYI0TY+Jg==

"@tiptap/extension-underline@^2.0.0-beta.218":
  version "2.2.3"
  resolved "https://registry.npmjs.org/@tiptap/extension-underline/-/extension-underline-2.2.3.tgz"
  integrity sha512-Y6PTaXmDFay39+Knk77T+Ezc5vuC/gFxZFD6cQhjctZHMJ2QMAguMKWtBVaSs78HBkKnwTU9EViAFBurz++Geg==

"@tiptap/pm@^2.0.0", "@tiptap/pm@^2.0.0-beta.217":
  version "2.2.3"
  resolved "https://registry.npmjs.org/@tiptap/pm/-/pm-2.2.3.tgz"
  integrity sha512-jYZX+0fjN+a1J8qY72Poz1LK6X6oHVQkJIq6qzcx3rm0voYZNVRzP2GIfzstncZiEqRXABHY3mWfOi2I4K9tQA==
  dependencies:
    prosemirror-changeset "^2.2.1"
    prosemirror-collab "^1.3.1"
    prosemirror-commands "^1.5.2"
    prosemirror-dropcursor "^1.8.1"
    prosemirror-gapcursor "^1.3.2"
    prosemirror-history "^1.3.2"
    prosemirror-inputrules "^1.3.0"
    prosemirror-keymap "^1.2.2"
    prosemirror-markdown "^1.12.0"
    prosemirror-menu "^1.2.4"
    prosemirror-model "^1.19.4"
    prosemirror-schema-basic "^1.2.2"
    prosemirror-schema-list "^1.3.0"
    prosemirror-state "^1.4.3"
    prosemirror-tables "^1.3.5"
    prosemirror-trailing-node "^2.0.7"
    prosemirror-transform "^1.8.0"
    prosemirror-view "^1.32.7"

"@tiptap/starter-kit@^2.0.0-beta.217":
  version "2.2.3"
  resolved "https://registry.npmjs.org/@tiptap/starter-kit/-/starter-kit-2.2.3.tgz"
  integrity sha512-Jx+QXz0SE1y+j498TqYEJcjbIV9YSMwcuIJQ04q8KqHuSmZrq9B22Qa4d0fpcM7uL7dLI4AcRrcqaOuIahCJYQ==
  dependencies:
    "@tiptap/core" "^2.2.3"
    "@tiptap/extension-blockquote" "^2.2.3"
    "@tiptap/extension-bold" "^2.2.3"
    "@tiptap/extension-bullet-list" "^2.2.3"
    "@tiptap/extension-code" "^2.2.3"
    "@tiptap/extension-code-block" "^2.2.3"
    "@tiptap/extension-document" "^2.2.3"
    "@tiptap/extension-dropcursor" "^2.2.3"
    "@tiptap/extension-gapcursor" "^2.2.3"
    "@tiptap/extension-hard-break" "^2.2.3"
    "@tiptap/extension-heading" "^2.2.3"
    "@tiptap/extension-history" "^2.2.3"
    "@tiptap/extension-horizontal-rule" "^2.2.3"
    "@tiptap/extension-italic" "^2.2.3"
    "@tiptap/extension-list-item" "^2.2.3"
    "@tiptap/extension-ordered-list" "^2.2.3"
    "@tiptap/extension-paragraph" "^2.2.3"
    "@tiptap/extension-strike" "^2.2.3"
    "@tiptap/extension-text" "^2.2.3"

"@tiptap/vue-3@^2.0.0-beta.217":
  version "2.2.3"
  resolved "https://registry.npmjs.org/@tiptap/vue-3/-/vue-3-2.2.3.tgz"
  integrity sha512-TC+pncpxP6GHgM+qvX/1mfT+Xl3OlEekZqjetNJC/MfFM55OL5dIEu5kVjOiRsGQ/TWgwBGPrRYEE0Y1D6FuBA==
  dependencies:
    "@tiptap/extension-bubble-menu" "^2.2.3"
    "@tiptap/extension-floating-menu" "^2.2.3"

"@types/lodash@^4.14.191":
  version "4.14.202"
  resolved "https://registry.npmjs.org/@types/lodash/-/lodash-4.14.202.tgz"
  integrity sha512-OvlIYQK9tNneDlS0VN54LLd5uiPCBOp7gS5Z0f1mjoJYBrtStzgmJBxONW3U6OZqdtNzZPmn9BS/7WI7BFFcFQ==

"@types/object.omit@^3.0.0":
  version "3.0.3"
  resolved "https://registry.npmjs.org/@types/object.omit/-/object.omit-3.0.3.tgz"
  integrity sha512-xrq4bQTBGYY2cw+gV4PzoG2Lv3L0pjZ1uXStRRDQoATOYW1lCsFQHhQ+OkPhIcQoqLjAq7gYif7D14Qaa6Zbew==

"@types/object.pick@^1.3.2":
  version "1.3.4"
  resolved "https://registry.npmjs.org/@types/object.pick/-/object.pick-1.3.4.tgz"
  integrity sha512-5PjwB0uP2XDp3nt5u5NJAG2DORHIRClPzWT/TTZhJ2Ekwe8M5bA9tvPdi9NO/n2uvu2/ictat8kgqvLfcIE1SA==

"@types/throttle-debounce@^2.1.0":
  version "2.1.0"
  resolved "https://registry.npmjs.org/@types/throttle-debounce/-/throttle-debounce-2.1.0.tgz"
  integrity sha512-5eQEtSCoESnh2FsiLTxE121IiE60hnMqcb435fShf4bpLRjEu1Eoekht23y6zXS9Ts3l+Szu3TARnTsA0GkOkQ==

"@types/uuid@^9.0.0":
  version "9.0.8"
  resolved "https://registry.npmjs.org/@types/uuid/-/uuid-9.0.8.tgz"
  integrity sha512-jg+97EGIcY9AGHJJRaaPVgetKDsrTgbRjQ5Msgjh/DQKEFl0DtyRr/VCOyD1T2R1MNeWPK/u7JoGhlDZnKBAfA==

"@vitejs/plugin-vue@^4.0.0":
  version "4.6.2"
  resolved "https://registry.npmjs.org/@vitejs/plugin-vue/-/plugin-vue-4.6.2.tgz"
  integrity sha512-kqf7SGFoG+80aZG6Pf+gsZIVvGSCKE98JbiWqcCV9cThtg91Jav0yvYFC9Zb+jKetNGF6ZKeoaxgZfND21fWKw==

"@volar/language-core@~1.11.1", "@volar/language-core@1.11.1":
  version "1.11.1"
  resolved "https://registry.npmjs.org/@volar/language-core/-/language-core-1.11.1.tgz"
  integrity sha512-dOcNn3i9GgZAcJt43wuaEykSluAuOkQgzni1cuxLxTV0nJKanQztp7FxyswdRILaKH+P2XZMPRp2S4MV/pElCw==
  dependencies:
    "@volar/source-map" "1.11.1"

"@volar/source-map@~1.11.1", "@volar/source-map@1.11.1":
  version "1.11.1"
  resolved "https://registry.npmjs.org/@volar/source-map/-/source-map-1.11.1.tgz"
  integrity sha512-hJnOnwZ4+WT5iupLRnuzbULZ42L7BWWPMmruzwtLhJfpDVoZLjNBxHDi2sY2bgZXCKlpU5XcsMFoYrsQmPhfZg==
  dependencies:
    muggle-string "^0.3.1"

"@volar/typescript@~1.11.1":
  version "1.11.1"
  resolved "https://registry.npmjs.org/@volar/typescript/-/typescript-1.11.1.tgz"
  integrity sha512-iU+t2mas/4lYierSnoFOeRFQUhAEMgsFuQxoxvwn5EdQopw43j+J27a4lt9LMInx1gLJBC6qL14WYGlgymaSMQ==
  dependencies:
    "@volar/language-core" "1.11.1"
    path-browserify "^1.0.1"

"@vue/compiler-core@3.4.19":
  version "3.4.19"
  resolved "https://registry.npmjs.org/@vue/compiler-core/-/compiler-core-3.4.19.tgz"
  integrity sha512-gj81785z0JNzRcU0Mq98E56e4ltO1yf8k5PQ+tV/7YHnbZkrM0fyFyuttnN8ngJZjbpofWE/m4qjKBiLl8Ju4w==
  dependencies:
    "@babel/parser" "^7.23.9"
    "@vue/shared" "3.4.19"
    entities "^4.5.0"
    estree-walker "^2.0.2"
    source-map-js "^1.0.2"

"@vue/compiler-dom@^3.3.0", "@vue/compiler-dom@3.4.19":
  version "3.4.19"
  resolved "https://registry.npmjs.org/@vue/compiler-dom/-/compiler-dom-3.4.19.tgz"
  integrity sha512-vm6+cogWrshjqEHTzIDCp72DKtea8Ry/QVpQRYoyTIg9k7QZDX6D8+HGURjtmatfgM8xgCFtJJaOlCaRYRK3QA==
  dependencies:
    "@vue/compiler-core" "3.4.19"
    "@vue/shared" "3.4.19"

"@vue/compiler-sfc@3.4.19":
  version "3.4.19"
  resolved "https://registry.npmjs.org/@vue/compiler-sfc/-/compiler-sfc-3.4.19.tgz"
  integrity sha512-LQ3U4SN0DlvV0xhr1lUsgLCYlwQfUfetyPxkKYu7dkfvx7g3ojrGAkw0AERLOKYXuAGnqFsEuytkdcComei3Yg==
  dependencies:
    "@babel/parser" "^7.23.9"
    "@vue/compiler-core" "3.4.19"
    "@vue/compiler-dom" "3.4.19"
    "@vue/compiler-ssr" "3.4.19"
    "@vue/shared" "3.4.19"
    estree-walker "^2.0.2"
    magic-string "^0.30.6"
    postcss "^8.4.33"
    source-map-js "^1.0.2"

"@vue/compiler-ssr@3.4.19":
  version "3.4.19"
  resolved "https://registry.npmjs.org/@vue/compiler-ssr/-/compiler-ssr-3.4.19.tgz"
  integrity sha512-P0PLKC4+u4OMJ8sinba/5Z/iDT84uMRRlrWzadgLA69opCpI1gG4N55qDSC+dedwq2fJtzmGald05LWR5TFfLw==
  dependencies:
    "@vue/compiler-dom" "3.4.19"
    "@vue/shared" "3.4.19"

"@vue/devtools-api@^6.0.0-beta.11", "@vue/devtools-api@^6.5.1":
  version "6.6.1"
  resolved "https://registry.npmjs.org/@vue/devtools-api/-/devtools-api-6.6.1.tgz"
  integrity sha512-LgPscpE3Vs0x96PzSSB4IGVSZXZBZHpfxs+ZA1d+VEPwHdOXowy/Y2CsvCAIFrf+ssVU1pD1jidj505EpUnfbA==

"@vue/language-core@1.8.27":
  version "1.8.27"
  resolved "https://registry.npmjs.org/@vue/language-core/-/language-core-1.8.27.tgz"
  integrity sha512-L8Kc27VdQserNaCUNiSFdDl9LWT24ly8Hpwf1ECy3aFb9m6bDhBGQYOujDm21N7EW3moKIOKEanQwe1q5BK+mA==
  dependencies:
    "@volar/language-core" "~1.11.1"
    "@volar/source-map" "~1.11.1"
    "@vue/compiler-dom" "^3.3.0"
    "@vue/shared" "^3.3.0"
    computeds "^0.0.1"
    minimatch "^9.0.3"
    muggle-string "^0.3.1"
    path-browserify "^1.0.1"
    vue-template-compiler "^2.7.14"

"@vue/reactivity@3.4.19":
  version "3.4.19"
  resolved "https://registry.npmjs.org/@vue/reactivity/-/reactivity-3.4.19.tgz"
  integrity sha512-+VcwrQvLZgEclGZRHx4O2XhyEEcKaBi50WbxdVItEezUf4fqRh838Ix6amWTdX0CNb/b6t3Gkz3eOebfcSt+UA==
  dependencies:
    "@vue/shared" "3.4.19"

"@vue/runtime-core@3.4.19":
  version "3.4.19"
  resolved "https://registry.npmjs.org/@vue/runtime-core/-/runtime-core-3.4.19.tgz"
  integrity sha512-/Z3tFwOrerJB/oyutmJGoYbuoadphDcJAd5jOuJE86THNZji9pYjZroQ2NFsZkTxOq0GJbb+s2kxTYToDiyZzw==
  dependencies:
    "@vue/reactivity" "3.4.19"
    "@vue/shared" "3.4.19"

"@vue/runtime-dom@3.4.19":
  version "3.4.19"
  resolved "https://registry.npmjs.org/@vue/runtime-dom/-/runtime-dom-3.4.19.tgz"
  integrity sha512-IyZzIDqfNCF0OyZOauL+F4yzjMPN2rPd8nhqPP2N1lBn3kYqJpPHHru+83Rkvo2lHz5mW+rEeIMEF9qY3PB94g==
  dependencies:
    "@vue/runtime-core" "3.4.19"
    "@vue/shared" "3.4.19"
    csstype "^3.1.3"

"@vue/server-renderer@3.4.19":
  version "3.4.19"
  resolved "https://registry.npmjs.org/@vue/server-renderer/-/server-renderer-3.4.19.tgz"
  integrity sha512-eAj2p0c429RZyyhtMRnttjcSToch+kTWxFPHlzGMkR28ZbF1PDlTcmGmlDxccBuqNd9iOQ7xPRPAGgPVj+YpQw==
  dependencies:
    "@vue/compiler-ssr" "3.4.19"
    "@vue/shared" "3.4.19"

"@vue/shared@^3.3.0", "@vue/shared@3.4.19":
  version "3.4.19"
  resolved "https://registry.npmjs.org/@vue/shared/-/shared-3.4.19.tgz"
  integrity sha512-/KliRRHMF6LoiThEy+4c1Z4KB/gbPrGjWwJR+crg2otgrf/egKzRaCPvJ51S5oetgsgXLfc4Rm5ZgrKHZrtMSw==

argparse@^2.0.1:
  version "2.0.1"
  resolved "https://registry.npmjs.org/argparse/-/argparse-2.0.1.tgz"
  integrity sha512-8+9WqebbFzpX9OR+Wa6O29asIogeRMzcGtAINdpMHHyAg10f05aSFVBbcEqGf/PXw1EjAZ+q2/bEBg3DvurK3Q==

asynckit@^0.4.0:
  version "0.4.0"
  resolved "https://registry.npmjs.org/asynckit/-/asynckit-0.4.0.tgz"
  integrity sha512-Oei9OH4tRh0YqU3GxhX79dM/mwVgvbZJaSNaRk+bshkj0S5cfHcgYakreBjrHwatXKbz+IoIdYLxrKim2MjW0Q==

axios@^1.3.3:
  version "1.6.7"
  resolved "https://registry.npmjs.org/axios/-/axios-1.6.7.tgz"
  integrity sha512-/hDJGff6/c7u0hDkvkGxR/oy6CbCs8ziCsC7SqmhjfozqiJGc8Z11wrv9z9lYfY4K8l+H9TpjcMDX0xOZmx+RA==
  dependencies:
    follow-redirects "^1.15.4"
    form-data "^4.0.0"
    proxy-from-env "^1.1.0"

balanced-match@^1.0.0:
  version "1.0.2"
  resolved "https://registry.npmjs.org/balanced-match/-/balanced-match-1.0.2.tgz"
  integrity sha512-3oSeUO0TMV67hN1AmbXsK4yaqU7tjiHlbxRDZOpH0KW9+CeX4bRAaX0Anxt0tx2MrpRpWwQaPwIlISEJhYU5Pw==

brace-expansion@^2.0.1:
  version "2.0.1"
  resolved "https://registry.npmjs.org/brace-expansion/-/brace-expansion-2.0.1.tgz"
  integrity sha512-XnAIvQ8eM+kC6aULx6wuQiwVsnzsi9d3WxzV3FpWTGA19F621kwdbsAcFKXgKUHZWsy+mY6iL1sHTxWEFCytDA==
  dependencies:
    balanced-match "^1.0.0"

case-anything@^2.1.13:
  version "2.1.13"
  resolved "https://registry.npmjs.org/case-anything/-/case-anything-2.1.13.tgz"
  integrity sha512-zlOQ80VrQ2Ue+ymH5OuM/DlDq64mEm+B9UTdHULv5osUMD6HalNTblf2b1u/m6QecjsnOkBpqVZ+XPwIVsy7Ng==

combined-stream@^1.0.8:
  version "1.0.8"
  resolved "https://registry.npmjs.org/combined-stream/-/combined-stream-1.0.8.tgz"
  integrity sha512-FQN4MRfuJeHf7cBbBMJFXhKSDq+2kAArBlmRBvcvFE5BB1HZKXtSFASDhdlz9zOYwxh8lDdnvmMOe/+5cdoEdg==
  dependencies:
    delayed-stream "~1.0.0"

computeds@^0.0.1:
  version "0.0.1"
  resolved "https://registry.npmjs.org/computeds/-/computeds-0.0.1.tgz"
  integrity sha512-7CEBgcMjVmitjYo5q8JTJVra6X5mQ20uTThdK+0kR7UEaDrAWEQcRiBtWJzga4eRpP6afNwwLsX2SET2JhVB1Q==

core-util-is@~1.0.0:
  version "1.0.3"
  resolved "https://registry.npmjs.org/core-util-is/-/core-util-is-1.0.3.tgz"
  integrity sha512-ZQBvi1DcpJ4GDqanjucZ2Hj3wEO5pZDS89BWbkcrvdxksJorwUDDZamX9ldFkp9aw2lmBDLgkObEA4DWNJ9FYQ==

crelt@^1.0.0:
  version "1.0.6"
  resolved "https://registry.npmjs.org/crelt/-/crelt-1.0.6.tgz"
  integrity sha512-VQ2MBenTq1fWZUH9DJNGti7kKv6EeAuYr3cLwxUWhIu1baTaXh4Ib5W2CqHVqib4/MqbYGJqiL3Zb8GJZr3l4g==

csstype@^3.1.3:
  version "3.1.3"
  resolved "https://registry.npmjs.org/csstype/-/csstype-3.1.3.tgz"
  integrity sha512-M1uQkMl8rQK/szD0LNhtqxIPLpimGm8sOBwU7lLnCpSbTyY3yeU1Vc7l4KT5zT4s/yOxHH5O7tIuuLOCnLADRw==

dash-get@^1.0.2:
  version "1.0.2"
  resolved "https://registry.npmjs.org/dash-get/-/dash-get-1.0.2.tgz"
  integrity sha512-4FbVrHDwfOASx7uQVxeiCTo7ggSdYZbqs8lH+WU6ViypPlDbe9y6IP5VVUDQBv9DcnyaiPT5XT0UWHgJ64zLeQ==

de-indent@^1.0.2:
  version "1.0.2"
  resolved "https://registry.npmjs.org/de-indent/-/de-indent-1.0.2.tgz"
  integrity sha512-e/1zu3xH5MQryN2zdVaF0OrdNLUbvWxzMbi+iNA6Bky7l1RoP8a2fIbRocyHclXt/arDrrR6lL3TqFD9pMQTsg==

deepmerge@^4.3.1:
  version "4.3.1"
  resolved "https://registry.npmjs.org/deepmerge/-/deepmerge-4.3.1.tgz"
  integrity sha512-3sUqbMEc77XqpdNO7FRyRog+eW3ph+GYCbj+rK+uYyRMuwsVy0rMiVtPn+QJlKFvWP/1PYpapqYn0Me2knFn+A==

delayed-stream@~1.0.0:
  version "1.0.0"
  resolved "https://registry.npmjs.org/delayed-stream/-/delayed-stream-1.0.0.tgz"
  integrity sha512-ZySD7Nf91aLB0RxL4KGrKHBXl7Eds1DAmEdcoVawXnLD7SDhpNgtuII2aAkg7a7QS41jxPSZ17p4VdGnMHk3MQ==

entities@^4.4.0, entities@^4.5.0:
  version "4.5.0"
  resolved "https://registry.npmjs.org/entities/-/entities-4.5.0.tgz"
  integrity sha512-V0hjH4dGPh9Ao5p0MoRY6BVqtwCjhz6vI5LT8AJ55H+4g9/4vbHx1I54fS0XuclLhDHArPQCiMjDxjaL8fPxhw==

esbuild@^0.18.10:
  version "0.18.20"
  resolved "https://registry.npmjs.org/esbuild/-/esbuild-0.18.20.tgz"
  integrity sha512-ceqxoedUrcayh7Y7ZX6NdbbDzGROiyVBgC4PriJThBKSVPWnnFHZAkfI1lJT8QFkOwH4qOS2SJkS4wvpGl8BpA==
  optionalDependencies:
    "@esbuild/android-arm" "0.18.20"
    "@esbuild/android-arm64" "0.18.20"
    "@esbuild/android-x64" "0.18.20"
    "@esbuild/darwin-arm64" "0.18.20"
    "@esbuild/darwin-x64" "0.18.20"
    "@esbuild/freebsd-arm64" "0.18.20"
    "@esbuild/freebsd-x64" "0.18.20"
    "@esbuild/linux-arm" "0.18.20"
    "@esbuild/linux-arm64" "0.18.20"
    "@esbuild/linux-ia32" "0.18.20"
    "@esbuild/linux-loong64" "0.18.20"
    "@esbuild/linux-mips64el" "0.18.20"
    "@esbuild/linux-ppc64" "0.18.20"
    "@esbuild/linux-riscv64" "0.18.20"
    "@esbuild/linux-s390x" "0.18.20"
    "@esbuild/linux-x64" "0.18.20"
    "@esbuild/netbsd-x64" "0.18.20"
    "@esbuild/openbsd-x64" "0.18.20"
    "@esbuild/sunos-x64" "0.18.20"
    "@esbuild/win32-arm64" "0.18.20"
    "@esbuild/win32-ia32" "0.18.20"
    "@esbuild/win32-x64" "0.18.20"

escape-string-regexp@^4.0.0:
  version "4.0.0"
  resolved "https://registry.npmjs.org/escape-string-regexp/-/escape-string-regexp-4.0.0.tgz"
  integrity sha512-TtpcNJ3XAzx3Gq8sWRzJaVajRs0uVxA2YAkdb1jm2YkPz4G6egUFAyA3n5vtEIZefPk5Wa4UXbKuS5fKkJWdgA==

estree-walker@^2.0.2:
  version "2.0.2"
  resolved "https://registry.npmjs.org/estree-walker/-/estree-walker-2.0.2.tgz"
  integrity sha512-Rfkk/Mp/DL7JVje3u18FxFujQlTNR2q6QfMSMB7AvCBx91NGj/ba3kCfza0f6dVDbw7YlRf/nDrn7pQrCCyQ/w==

fast-deep-equal@^3.1.3:
  version "3.1.3"
  resolved "https://registry.npmjs.org/fast-deep-equal/-/fast-deep-equal-3.1.3.tgz"
  integrity sha512-f3qQ9oQy9j2AhBe/H9VC91wLmKBCCU/gDOnKNAYG5hswO7BLKj09Hc5HYNz9cGI++xlpDCIgDaitVs03ATR84Q==

file-saver@^2.0.5:
  version "2.0.5"
  resolved "https://registry.npmjs.org/file-saver/-/file-saver-2.0.5.tgz"
  integrity sha512-P9bmyZ3h/PRG+Nzga+rbdI4OEpNDzAVyy74uVO9ATgzLK6VtAsYybF/+TOCvrc0MO793d6+42lLyZTw7/ArVzA==

follow-redirects@^1.15.4:
  version "1.15.5"
  resolved "https://registry.npmjs.org/follow-redirects/-/follow-redirects-1.15.5.tgz"
  integrity sha512-vSFWUON1B+yAw1VN4xMfxgn5fTUiaOzAJCKBwIIgT/+7CuGy9+r+5gITvP62j3RmaD5Ph65UaERdOSRGUzZtgw==

form-data@^4.0.0:
  version "4.0.0"
  resolved "https://registry.npmjs.org/form-data/-/form-data-4.0.0.tgz"
  integrity sha512-ETEklSGi5t0QMZuiXoA/Q6vcnxcLQP5vdugSpuAyi6SVGi2clPPp+xgEhuMaHC+zGgn31Kd235W35f7Hykkaww==
  dependencies:
    asynckit "^0.4.0"
    combined-stream "^1.0.8"
    mime-types "^2.1.12"

he@^1.2.0:
  version "1.2.0"
  resolved "https://registry.npmjs.org/he/-/he-1.2.0.tgz"
  integrity sha512-F/1DnUGPopORZi0ni+CvrCgHQ5FyEAHRLSApuYWMmrbSwoN2Mn/7k+Gl38gJnR7yyDZk6WLXwiGod1JOWNDKGw==

immediate@~3.0.5:
  version "3.0.6"
  resolved "https://registry.npmjs.org/immediate/-/immediate-3.0.6.tgz"
  integrity sha512-XXOFtyqDjNDAQxVfYxuF7g9Il/IbWmmlQg2MYKOH8ExIT1qg6xc4zyS3HaEEATgs1btfzxq15ciUiY7gjSXRGQ==

inherits@~2.0.3:
  version "2.0.4"
  resolved "https://registry.npmjs.org/inherits/-/inherits-2.0.4.tgz"
  integrity sha512-k/vGaX4/Yla3WzyMCvTQOXYeIHvqOKtnqBduzTHpzpQZzAskKMhZ2K+EnBiSM9zGSoIFeMpXKxa4dYeZIQqewQ==

is-extendable@^1.0.0:
  version "1.0.1"
  resolved "https://registry.npmjs.org/is-extendable/-/is-extendable-1.0.1.tgz"
  integrity sha512-arnXMxT1hhoKo9k1LZdmlNyJdDDfy2v0fXjFlmok4+i8ul/6WlbVge9bhM74OpNPQPMGUToDtz+KXa1PneJxOA==
  dependencies:
    is-plain-object "^2.0.4"

is-plain-object@^2.0.4:
  version "2.0.4"
  resolved "https://registry.npmjs.org/is-plain-object/-/is-plain-object-2.0.4.tgz"
  integrity sha512-h5PpgXkWitc38BBMYawTYMWJHFZJVnBquFE57xFpjB8pJFiF6gZ+bU+WyI/yqXiFR5mdLsgYNaPe8uao6Uv9Og==
  dependencies:
    isobject "^3.0.1"

isarray@~1.0.0:
  version "1.0.0"
  resolved "https://registry.npmjs.org/isarray/-/isarray-1.0.0.tgz"
  integrity sha512-VLghIWNM6ELQzo7zwmcg0NmTVyWKYjvIeM83yjp0wRDTmUnrM678fQbcKBo6n2CJEF0szoG//ytg+TKla89ALQ==

isobject@^3.0.1:
  version "3.0.1"
  resolved "https://registry.npmjs.org/isobject/-/isobject-3.0.1.tgz"
  integrity sha512-WhB9zCku7EGTj/HQQRz5aUQEUeoQZH2bWcltRErOpymJ4boYE6wL9Tbr23krRPSZ+C5zqNSrSw+Cc7sZZ4b7vg==

jszip@^3.10.1:
  version "3.10.1"
  resolved "https://registry.npmjs.org/jszip/-/jszip-3.10.1.tgz"
  integrity sha512-xXDvecyTpGLrqFrvkrUSoxxfJI5AH7U8zxxtVclpsUtMCq4JQ290LY8AW5c7Ggnr/Y/oK+bQMbqK2qmtk3pN4g==
  dependencies:
    lie "~3.3.0"
    pako "~1.0.2"
    readable-stream "~2.3.6"
    setimmediate "^1.0.5"

lie@~3.3.0:
  version "3.3.0"
  resolved "https://registry.npmjs.org/lie/-/lie-3.3.0.tgz"
  integrity sha512-UaiMJzeWRlEujzAuw5LokY1L5ecNQYZKfmyZ9L7wDHb/p5etKaxXhohBcrw0EYby+G/NA52vRSN4N39dxHAIwQ==
  dependencies:
    immediate "~3.0.5"

linkify-it@^5.0.0:
  version "5.0.0"
  resolved "https://registry.npmjs.org/linkify-it/-/linkify-it-5.0.0.tgz"
  integrity sha512-5aHCbzQRADcdP+ATqnDuhhJ/MRIqDkZX5pyjFHRRysS8vZ5AbqGEoFIb6pYHPZ+L/OC2Lc+xT8uHVVR5CAK/wQ==
  dependencies:
    uc.micro "^2.0.0"

lodash@^4.17.21:
  version "4.17.21"
  resolved "https://registry.npmjs.org/lodash/-/lodash-4.17.21.tgz"
  integrity sha512-v2kDEe57lecTulaDIuNTPy3Ry4gLGJ6Z1O3vE1krgXZNrsQ+LFTGHVxVjcXPs17LhbZVGedAJv8XZ1tvj5FvSg==

lru-cache@^6.0.0:
  version "6.0.0"
  resolved "https://registry.npmjs.org/lru-cache/-/lru-cache-6.0.0.tgz"
  integrity sha512-Jo6dJ04CmSjuznwJSS3pUeWmd/H0ffTlkXXgwZi+eq1UCmqQwCh+eLsYOYCwY991i2Fah4h1BEMCx4qThGbsiA==
  dependencies:
    yallist "^4.0.0"

magic-string@^0.30.6:
  version "0.30.7"
  resolved "https://registry.npmjs.org/magic-string/-/magic-string-0.30.7.tgz"
  integrity sha512-8vBuFF/I/+OSLRmdf2wwFCJCz+nSn0m6DPvGH1fS/KiQoSaR+sETbov0eIk9KhEKy8CYqIkIAnbohxT/4H0kuA==
  dependencies:
    "@jridgewell/sourcemap-codec" "^1.4.15"

make-error@^1.3.6:
  version "1.3.6"
  resolved "https://registry.npmjs.org/make-error/-/make-error-1.3.6.tgz"
  integrity sha512-s8UhlNe7vPKomQhC1qFelMokr/Sc3AgNbso3n74mVPA5LTZwkB9NlXf4XPamLxJE8h0gh73rM94xvwRT2CVInw==

markdown-it@^14.0.0:
  version "14.0.0"
  resolved "https://registry.npmjs.org/markdown-it/-/markdown-it-14.0.0.tgz"
  integrity sha512-seFjF0FIcPt4P9U39Bq1JYblX0KZCjDLFFQPHpL5AzHpqPEKtosxmdq/LTVZnjfH7tjt9BxStm+wXcDBNuYmzw==
  dependencies:
    argparse "^2.0.1"
    entities "^4.4.0"
    linkify-it "^5.0.0"
    mdurl "^2.0.0"
    punycode.js "^2.3.1"
    uc.micro "^2.0.0"

mdurl@^2.0.0:
  version "2.0.0"
  resolved "https://registry.npmjs.org/mdurl/-/mdurl-2.0.0.tgz"
  integrity sha512-Lf+9+2r+Tdp5wXDXC4PcIBjTDtq4UKjCPMQhKIuzpJNW0b96kVqSwW0bT7FhRSfmAiFYgP+SCRvdrDozfh0U5w==

mime-db@1.52.0:
  version "1.52.0"
  resolved "https://registry.npmjs.org/mime-db/-/mime-db-1.52.0.tgz"
  integrity sha512-sPU4uV7dYlvtWJxwwxHD0PuihVNiE7TyAbQ5SWxDCB9mUYvOgroQOwYQQOKPJ8CIbE+1ETVlOoK1UC2nU3gYvg==

mime-types@^2.1.12:
  version "2.1.35"
  resolved "https://registry.npmjs.org/mime-types/-/mime-types-2.1.35.tgz"
  integrity sha512-ZDY+bPm5zTTF+YpCrAU9nK0UgICYPT0QtT1NZWFv4s++TNkcgVaT0g6+4R2uI4MjQjzysHB1zxuWL50hzaeXiw==
  dependencies:
    mime-db "1.52.0"

minimatch@^9.0.3:
  version "9.0.3"
  resolved "https://registry.npmjs.org/minimatch/-/minimatch-9.0.3.tgz"
  integrity sha512-RHiac9mvaRw0x3AYRgDC1CxAP7HTcNrrECeA8YYJeWnpo+2Q5CegtZjaotWTWxDG3UeGA1coE05iH1mPjT/2mg==
  dependencies:
    brace-expansion "^2.0.1"

muggle-string@^0.3.1:
  version "0.3.1"
  resolved "https://registry.npmjs.org/muggle-string/-/muggle-string-0.3.1.tgz"
  integrity sha512-ckmWDJjphvd/FvZawgygcUeQCxzvohjFO5RxTjj4eq8kw359gFF3E1brjfI+viLMxss5JrHTDRHZvu2/tuy0Qg==

nanoid@^3.3.7:
  version "3.3.7"
  resolved "https://registry.npmjs.org/nanoid/-/nanoid-3.3.7.tgz"
  integrity sha512-eSRppjcPIatRIMC1U6UngP8XFcz8MQWGQdt1MTBQ7NaAmvXDfvNxbvWV3x2y6CdEUciCSsDHDQZbhYaB8QEo2g==

object.omit@^3.0.0:
  version "3.0.0"
  resolved "https://registry.npmjs.org/object.omit/-/object.omit-3.0.0.tgz"
  integrity sha512-EO+BCv6LJfu+gBIF3ggLicFebFLN5zqzz/WWJlMFfkMyGth+oBkhxzDl0wx2W4GkLzuQs/FsSkXZb2IMWQqmBQ==
  dependencies:
    is-extendable "^1.0.0"

object.pick@^1.3.0:
  version "1.3.0"
  resolved "https://registry.npmjs.org/object.pick/-/object.pick-1.3.0.tgz"
  integrity sha512-tqa/UMy/CCoYmj+H5qc07qvSL9dqcs/WZENZ1JbtWBlATP+iVOe778gE6MSijnyCnORzDuX6hU+LA4SZ09YjFQ==
  dependencies:
    isobject "^3.0.1"

orderedmap@^2.0.0:
  version "2.1.1"
  resolved "https://registry.npmjs.org/orderedmap/-/orderedmap-2.1.1.tgz"
  integrity sha512-TvAWxi0nDe1j/rtMcWcIj94+Ffe6n7zhow33h40SKxmsmozs6dz/e+EajymfoFcHd7sxNn8yHM8839uixMOV6g==

pako@~1.0.2:
  version "1.0.11"
  resolved "https://registry.npmjs.org/pako/-/pako-1.0.11.tgz"
  integrity sha512-4hLB8Py4zZce5s4yd9XzopqwVv/yGNhV1Bl8NTmCq1763HeK2+EwVTv+leGeL13Dnh2wfbqowVPXCIO0z4taYw==

path-browserify@^1.0.1:
  version "1.0.1"
  resolved "https://registry.npmjs.org/path-browserify/-/path-browserify-1.0.1.tgz"
  integrity sha512-b7uo2UCUOYZcnF/3ID0lulOJi/bafxa1xPe7ZPsammBSpjSWQkjNxlt635YGS2MiR9GjvuXCtz2emr3jbsz98g==

picocolors@^1.0.0:
  version "1.0.0"
  resolved "https://registry.npmjs.org/picocolors/-/picocolors-1.0.0.tgz"
  integrity sha512-1fygroTLlHu66zi26VoTDv8yRgm0Fccecssto+MhsZ0D/DGW2sm8E8AjW7NU5VVTRt5GxbeZ5qBuJr+HyLYkjQ==

postcss@^8.4.27, postcss@^8.4.33:
  version "8.4.35"
  resolved "https://registry.npmjs.org/postcss/-/postcss-8.4.35.tgz"
  integrity sha512-u5U8qYpBCpN13BsiEB0CbR1Hhh4Gc0zLFuedrHJKMctHCHAGrMdG0PRM/KErzAL3CU6/eckEtmHNB3x6e3c0vA==
  dependencies:
    nanoid "^3.3.7"
    picocolors "^1.0.0"
    source-map-js "^1.0.2"

process-nextick-args@~2.0.0:
  version "2.0.1"
  resolved "https://registry.npmjs.org/process-nextick-args/-/process-nextick-args-2.0.1.tgz"
  integrity sha512-3ouUOpQhtgrbOa17J7+uxOTpITYWaGP7/AhoR3+A+/1e9skrzelGi/dXzEYyvbxubEF6Wn2ypscTKiKJFFn1ag==

promisify-file-reader@^4.1.0:
  version "4.1.0"
  resolved "https://registry.npmjs.org/promisify-file-reader/-/promisify-file-reader-4.1.0.tgz"
  integrity sha512-P5vjkdCy7plxggkQCDzpS7EqgcVzm9Rrbe6fmc4MbNeJ/XCVZiULpLg1Wj68aSL2yH1gOMzq6t05JORaZqVFwQ==

prosemirror-changeset@^2.2.1:
  version "2.2.1"
  resolved "https://registry.npmjs.org/prosemirror-changeset/-/prosemirror-changeset-2.2.1.tgz"
  integrity sha512-J7msc6wbxB4ekDFj+n9gTW/jav/p53kdlivvuppHsrZXCaQdVgRghoZbSS3kwrRyAstRVQ4/+u5k7YfLgkkQvQ==
  dependencies:
    prosemirror-transform "^1.0.0"

prosemirror-collab@^1.3.1:
  version "1.3.1"
  resolved "https://registry.npmjs.org/prosemirror-collab/-/prosemirror-collab-1.3.1.tgz"
  integrity sha512-4SnynYR9TTYaQVXd/ieUvsVV4PDMBzrq2xPUWutHivDuOshZXqQ5rGbZM84HEaXKbLdItse7weMGOUdDVcLKEQ==
  dependencies:
    prosemirror-state "^1.0.0"

prosemirror-commands@^1.0.0, prosemirror-commands@^1.5.2:
  version "1.5.2"
  resolved "https://registry.npmjs.org/prosemirror-commands/-/prosemirror-commands-1.5.2.tgz"
  integrity sha512-hgLcPaakxH8tu6YvVAaILV2tXYsW3rAdDR8WNkeKGcgeMVQg3/TMhPdVoh7iAmfgVjZGtcOSjKiQaoeKjzd2mQ==
  dependencies:
    prosemirror-model "^1.0.0"
    prosemirror-state "^1.0.0"
    prosemirror-transform "^1.0.0"

prosemirror-dropcursor@^1.8.1:
  version "1.8.1"
  resolved "https://registry.npmjs.org/prosemirror-dropcursor/-/prosemirror-dropcursor-1.8.1.tgz"
  integrity sha512-M30WJdJZLyXHi3N8vxN6Zh5O8ZBbQCz0gURTfPmTIBNQ5pxrdU7A58QkNqfa98YEjSAL1HUyyU34f6Pm5xBSGw==
  dependencies:
    prosemirror-state "^1.0.0"
    prosemirror-transform "^1.1.0"
    prosemirror-view "^1.1.0"

prosemirror-gapcursor@^1.3.2:
  version "1.3.2"
  resolved "https://registry.npmjs.org/prosemirror-gapcursor/-/prosemirror-gapcursor-1.3.2.tgz"
  integrity sha512-wtjswVBd2vaQRrnYZaBCbyDqr232Ed4p2QPtRIUK5FuqHYKGWkEwl08oQM4Tw7DOR0FsasARV5uJFvMZWxdNxQ==
  dependencies:
    prosemirror-keymap "^1.0.0"
    prosemirror-model "^1.0.0"
    prosemirror-state "^1.0.0"
    prosemirror-view "^1.0.0"

prosemirror-history@^1.0.0, prosemirror-history@^1.3.2:
  version "1.3.2"
  resolved "https://registry.npmjs.org/prosemirror-history/-/prosemirror-history-1.3.2.tgz"
  integrity sha512-/zm0XoU/N/+u7i5zepjmZAEnpvjDtzoPWW6VmKptcAnPadN/SStsBjMImdCEbb3seiNTpveziPTIrXQbHLtU1g==
  dependencies:
    prosemirror-state "^1.2.2"
    prosemirror-transform "^1.0.0"
    prosemirror-view "^1.31.0"
    rope-sequence "^1.3.0"

prosemirror-inputrules@^1.3.0:
  version "1.4.0"
  resolved "https://registry.npmjs.org/prosemirror-inputrules/-/prosemirror-inputrules-1.4.0.tgz"
  integrity sha512-6ygpPRuTJ2lcOXs9JkefieMst63wVJBgHZGl5QOytN7oSZs3Co/BYbc3Yx9zm9H37Bxw8kVzCnDsihsVsL4yEg==
  dependencies:
    prosemirror-state "^1.0.0"
    prosemirror-transform "^1.0.0"

prosemirror-keymap@^1.0.0, prosemirror-keymap@^1.1.2, prosemirror-keymap@^1.2.2:
  version "1.2.2"
  resolved "https://registry.npmjs.org/prosemirror-keymap/-/prosemirror-keymap-1.2.2.tgz"
  integrity sha512-EAlXoksqC6Vbocqc0GtzCruZEzYgrn+iiGnNjsJsH4mrnIGex4qbLdWWNza3AW5W36ZRrlBID0eM6bdKH4OStQ==
  dependencies:
    prosemirror-state "^1.0.0"
    w3c-keyname "^2.2.0"

prosemirror-markdown@^1.12.0:
  version "1.12.0"
  resolved "https://registry.npmjs.org/prosemirror-markdown/-/prosemirror-markdown-1.12.0.tgz"
  integrity sha512-6F5HS8Z0HDYiS2VQDZzfZP6A0s/I0gbkJy8NCzzDMtcsz3qrfqyroMMeoSjAmOhDITyon11NbXSzztfKi+frSQ==
  dependencies:
    markdown-it "^14.0.0"
    prosemirror-model "^1.0.0"

prosemirror-menu@^1.2.4:
  version "1.2.4"
  resolved "https://registry.npmjs.org/prosemirror-menu/-/prosemirror-menu-1.2.4.tgz"
  integrity sha512-S/bXlc0ODQup6aiBbWVsX/eM+xJgCTAfMq/nLqaO5ID/am4wS0tTCIkzwytmao7ypEtjj39i7YbJjAgO20mIqA==
  dependencies:
    crelt "^1.0.0"
    prosemirror-commands "^1.0.0"
    prosemirror-history "^1.0.0"
    prosemirror-state "^1.0.0"

prosemirror-model@^1.0.0, prosemirror-model@^1.16.0, prosemirror-model@^1.19.0, prosemirror-model@^1.19.4, prosemirror-model@^1.8.1:
  version "1.19.4"
  resolved "https://registry.npmjs.org/prosemirror-model/-/prosemirror-model-1.19.4.tgz"
  integrity sha512-RPmVXxUfOhyFdayHawjuZCxiROsm9L4FCUA6pWI+l7n2yCBsWy9VpdE1hpDHUS8Vad661YLY9AzqfjLhAKQ4iQ==
  dependencies:
    orderedmap "^2.0.0"

prosemirror-schema-basic@^1.2.2:
  version "1.2.2"
  resolved "https://registry.npmjs.org/prosemirror-schema-basic/-/prosemirror-schema-basic-1.2.2.tgz"
  integrity sha512-/dT4JFEGyO7QnNTe9UaKUhjDXbTNkiWTq/N4VpKaF79bBjSExVV2NXmJpcM7z/gD7mbqNjxbmWW5nf1iNSSGnw==
  dependencies:
    prosemirror-model "^1.19.0"

prosemirror-schema-list@^1.3.0:
  version "1.3.0"
  resolved "https://registry.npmjs.org/prosemirror-schema-list/-/prosemirror-schema-list-1.3.0.tgz"
  integrity sha512-Hz/7gM4skaaYfRPNgr421CU4GSwotmEwBVvJh5ltGiffUJwm7C8GfN/Bc6DR1EKEp5pDKhODmdXXyi9uIsZl5A==
  dependencies:
    prosemirror-model "^1.0.0"
    prosemirror-state "^1.0.0"
    prosemirror-transform "^1.7.3"

prosemirror-state@^1.0.0, prosemirror-state@^1.2.2, prosemirror-state@^1.3.1, prosemirror-state@^1.4.2, prosemirror-state@^1.4.3:
  version "1.4.3"
  resolved "https://registry.npmjs.org/prosemirror-state/-/prosemirror-state-1.4.3.tgz"
  integrity sha512-goFKORVbvPuAQaXhpbemJFRKJ2aixr+AZMGiquiqKxaucC6hlpHNZHWgz5R7dS4roHiwq9vDctE//CZ++o0W1Q==
  dependencies:
    prosemirror-model "^1.0.0"
    prosemirror-transform "^1.0.0"
    prosemirror-view "^1.27.0"

prosemirror-tables@^1.3.5:
  version "1.3.5"
  resolved "https://registry.npmjs.org/prosemirror-tables/-/prosemirror-tables-1.3.5.tgz"
  integrity sha512-JSZ2cCNlApu/ObAhdPyotrjBe2cimniniTpz60YXzbL0kZ+47nEYk2LWbfKU2lKpBkUNquta2PjteoNi4YCluQ==
  dependencies:
    prosemirror-keymap "^1.1.2"
    prosemirror-model "^1.8.1"
    prosemirror-state "^1.3.1"
    prosemirror-transform "^1.2.1"
    prosemirror-view "^1.13.3"

prosemirror-trailing-node@^2.0.7:
  version "2.0.7"
  resolved "https://registry.npmjs.org/prosemirror-trailing-node/-/prosemirror-trailing-node-2.0.7.tgz"
  integrity sha512-8zcZORYj/8WEwsGo6yVCRXFMOfBo0Ub3hCUvmoWIZYfMP26WqENU0mpEP27w7mt8buZWuGrydBewr0tOArPb1Q==
  dependencies:
    "@remirror/core-constants" "^2.0.2"
    "@remirror/core-helpers" "^3.0.0"
    escape-string-regexp "^4.0.0"

prosemirror-transform@^1.0.0, prosemirror-transform@^1.1.0, prosemirror-transform@^1.2.1, prosemirror-transform@^1.7.3, prosemirror-transform@^1.8.0:
  version "1.8.0"
  resolved "https://registry.npmjs.org/prosemirror-transform/-/prosemirror-transform-1.8.0.tgz"
  integrity sha512-BaSBsIMv52F1BVVMvOmp1yzD3u65uC3HTzCBQV1WDPqJRQ2LuHKcyfn0jwqodo8sR9vVzMzZyI+Dal5W9E6a9A==
  dependencies:
    prosemirror-model "^1.0.0"

prosemirror-view@^1.0.0, prosemirror-view@^1.1.0, prosemirror-view@^1.13.3, prosemirror-view@^1.27.0, prosemirror-view@^1.31.0, prosemirror-view@^1.31.2, prosemirror-view@^1.32.7:
  version "1.33.1"
  resolved "https://registry.npmjs.org/prosemirror-view/-/prosemirror-view-1.33.1.tgz"
  integrity sha512-62qkYgSJIkwIMMCpuGuPzc52DiK1Iod6TWoIMxP4ja6BTD4yO8kCUL64PZ/WhH/dJ9fW0CDO39FhH1EMyhUFEg==
  dependencies:
    prosemirror-model "^1.16.0"
    prosemirror-state "^1.0.0"
    prosemirror-transform "^1.1.0"

proxy-from-env@^1.1.0:
  version "1.1.0"
  resolved "https://registry.npmjs.org/proxy-from-env/-/proxy-from-env-1.1.0.tgz"
  integrity sha512-D+zkORCbA9f1tdWRK0RaCR3GPv50cMxcrz4X8k5LTSUD1Dkw47mKJEZQNunItRTkWwgtaUSo1RVFRIG9ZXiFYg==

punycode.js@^2.3.1:
  version "2.3.1"
  resolved "https://registry.npmjs.org/punycode.js/-/punycode.js-2.3.1.tgz"
  integrity sha512-uxFIHU0YlHYhDQtV4R9J6a52SLx28BCjT+4ieh7IGbgwVJWO+km431c4yRlREUAsAmt/uMjQUyQHNEPf0M39CA==

readable-stream@~2.3.6:
  version "2.3.8"
  resolved "https://registry.npmjs.org/readable-stream/-/readable-stream-2.3.8.tgz"
  integrity sha512-8p0AUk4XODgIewSi0l8Epjs+EVnWiK7NoDIEGU0HhE7+ZyY8D1IMY7odu5lRrFXGg71L15KG8QrPmum45RTtdA==
  dependencies:
    core-util-is "~1.0.0"
    inherits "~2.0.3"
    isarray "~1.0.0"
    process-nextick-args "~2.0.0"
    safe-buffer "~5.1.1"
    string_decoder "~1.1.1"
    util-deprecate "~1.0.1"

rollup@^3.27.1:
  version "3.29.4"
  resolved "https://registry.npmjs.org/rollup/-/rollup-3.29.4.tgz"
  integrity sha512-oWzmBZwvYrU0iJHtDmhsm662rC15FRXmcjCk1xD771dFDx5jJ02ufAQQTn0etB2emNk4J9EZg/yWKpsn9BWGRw==
  optionalDependencies:
    fsevents "~2.3.2"

rope-sequence@^1.3.0:
  version "1.3.4"
  resolved "https://registry.npmjs.org/rope-sequence/-/rope-sequence-1.3.4.tgz"
  integrity sha512-UT5EDe2cu2E/6O4igUr5PSFs23nvvukicWHx6GnOPlHAiiYbzNuCRQCuiUdHJQcqKalLKlrYJnjY0ySGsXNQXQ==

safe-buffer@~5.1.0, safe-buffer@~5.1.1:
  version "5.1.2"
  resolved "https://registry.npmjs.org/safe-buffer/-/safe-buffer-5.1.2.tgz"
  integrity sha512-Gd2UZBJDkXlY7GbJxfsE8/nvKkUEU1G38c1siN6QP6a9PT9MmHB8GnpscSmMJSoF8LOIrt8ud/wPtojys4G6+g==

semver@^7.5.4:
  version "7.6.0"
  resolved "https://registry.npmjs.org/semver/-/semver-7.6.0.tgz"
  integrity sha512-EnwXhrlwXMk9gKu5/flx5sv/an57AkRplG3hTK68W7FRDN+k+OWBj65M7719OkA82XLBxrcX0KSHj+X5COhOVg==
  dependencies:
    lru-cache "^6.0.0"

setimmediate@^1.0.5:
  version "1.0.5"
  resolved "https://registry.npmjs.org/setimmediate/-/setimmediate-1.0.5.tgz"
  integrity sha512-MATJdZp8sLqDl/68LfQmbP8zKPLQNV6BIZoIgrscFDQ+RsvK/BxeDQOgyxKKoh0y/8h3BqVFnCqQ/gd+reiIXA==

source-map-js@^1.0.2:
  version "1.0.2"
  resolved "https://registry.npmjs.org/source-map-js/-/source-map-js-1.0.2.tgz"
  integrity sha512-R0XvVJ9WusLiqTCEiGCmICCMplcCkIwwR11mOSD9CR5u+IXYdiseeEuXCVAjS54zqwkLcPNnmU4OeJ6tUrWhDw==

string_decoder@~1.1.1:
  version "1.1.1"
  resolved "https://registry.npmjs.org/string_decoder/-/string_decoder-1.1.1.tgz"
  integrity sha512-n/ShnvDi6FHbbVfviro+WojiFzv+s8MPMHBczVePfUpDJLwoLT0ht1l4YwBCbi8pJAveEEdnkHyPyTP/mzRfwg==
  dependencies:
    safe-buffer "~5.1.0"

throttle-debounce@^3.0.1:
  version "3.0.1"
  resolved "https://registry.npmjs.org/throttle-debounce/-/throttle-debounce-3.0.1.tgz"
  integrity sha512-dTEWWNu6JmeVXY0ZYoPuH5cRIwc0MeGbJwah9KUNYSJwommQpCzTySTpEe8Gs1J23aeWEuAobe4Ag7EHVt/LOg==

tippy.js@^6.3.7:
  version "6.3.7"
  resolved "https://registry.npmjs.org/tippy.js/-/tippy.js-6.3.7.tgz"
  integrity sha512-E1d3oP2emgJ9dRQZdf3Kkn0qJgI6ZLpyS5z6ZkY1DF3kaQaBsGZsndEpHwx+eC+tYM41HaSNvNtLx8tU57FzTQ==
  dependencies:
    "@popperjs/core" "^2.9.0"

type-fest@^2.19.0:
  version "2.19.0"
  resolved "https://registry.npmjs.org/type-fest/-/type-fest-2.19.0.tgz"
  integrity sha512-RAH822pAdBgcNMAfWnCBU3CFZcfZ/i1eZjwFU/dsLKumyuuP3niueg2UAukXYF0E2AAoc82ZSSf9J0WQBinzHA==

typescript@*, typescript@^4.9.3:
  version "4.9.5"
  resolved "https://registry.npmjs.org/typescript/-/typescript-4.9.5.tgz"
  integrity sha512-1FXk9E2Hm+QzZQ7z+McJiHL4NW1F2EzMu9Nq9i3zAaGqibafqYwCVU6WyWAuyQRRzOlxou8xZSyXLEN8oKj24g==

uc.micro@^2.0.0:
  version "2.0.0"
  resolved "https://registry.npmjs.org/uc.micro/-/uc.micro-2.0.0.tgz"
  integrity sha512-DffL94LsNOccVn4hyfRe5rdKa273swqeA5DJpMOeFmEn1wCDc7nAbbB0gXlgBCL7TNzeTv6G7XVWzan7iJtfig==

util-deprecate@~1.0.1:
  version "1.0.2"
  resolved "https://registry.npmjs.org/util-deprecate/-/util-deprecate-1.0.2.tgz"
  integrity sha512-EPD5q1uXyFxJpCrLnCc1nHnq3gOa6DZBocAIiI2TaSCA7VCJ1UJDMagCzIkXNsUYfD1daK//LTEQ8xiIbrHtcw==

uuid@^9.0.0:
  version "9.0.1"
  resolved "https://registry.npmjs.org/uuid/-/uuid-9.0.1.tgz"
  integrity sha512-b+1eJOlsR9K8HJpow9Ok3fiWOWSIcIzXodvv0rQjVoOVNpWMpxf1wZNpt4y9h10odCNrqnYp1OBzRktckBe3sA==

"vite@^4.0.0 || ^5.0.0", vite@^4.1.0:
  version "4.5.2"
  resolved "https://registry.npmjs.org/vite/-/vite-4.5.2.tgz"
  integrity sha512-tBCZBNSBbHQkaGyhGCDUGqeo2ph8Fstyp6FMSvTtsXeZSPpSMGlviAOav2hxVTqFcx8Hj/twtWKsMJXNY0xI8w==
  dependencies:
    esbuild "^0.18.10"
    postcss "^8.4.27"
    rollup "^3.27.1"
  optionalDependencies:
    fsevents "~2.3.2"

vue-router@4:
  version "4.3.0"
  resolved "https://registry.npmjs.org/vue-router/-/vue-router-4.3.0.tgz"
  integrity sha512-dqUcs8tUeG+ssgWhcPbjHvazML16Oga5w34uCUmsk7i0BcnskoLGwjpa15fqMr2Fa5JgVBrdL2MEgqz6XZ/6IQ==
  dependencies:
    "@vue/devtools-api" "^6.5.1"

vue-template-compiler@^2.7.14:
  version "2.7.16"
  resolved "https://registry.npmjs.org/vue-template-compiler/-/vue-template-compiler-2.7.16.tgz"
  integrity sha512-AYbUWAJHLGGQM7+cNTELw+KsOG9nl2CnSv467WobS5Cv9uk3wFcnr1Etsz2sEIHEZvw1U+o9mRlEO6QbZvUPGQ==
  dependencies:
    de-indent "^1.0.2"
    he "^1.2.0"

vue-tsc@^1.0.24:
  version "1.8.27"
  resolved "https://registry.npmjs.org/vue-tsc/-/vue-tsc-1.8.27.tgz"
  integrity sha512-WesKCAZCRAbmmhuGl3+VrdWItEvfoFIPXOvUJkjULi+x+6G/Dy69yO3TBRJDr9eUlmsNAwVmxsNZxvHKzbkKdg==
  dependencies:
    "@volar/typescript" "~1.11.1"
    "@vue/language-core" "1.8.27"
    semver "^7.5.4"

vue@^3.0.0, vue@^3.2.0, vue@^3.2.25, vue@^3.2.45, vue@3.4.19:
  version "3.4.19"
  resolved "https://registry.npmjs.org/vue/-/vue-3.4.19.tgz"
  integrity sha512-W/7Fc9KUkajFU8dBeDluM4sRGc/aa4YJnOYck8dkjgZoXtVsn3OeTGni66FV1l3+nvPA7VBFYtPioaGKUmEADw==
  dependencies:
    "@vue/compiler-dom" "3.4.19"
    "@vue/compiler-sfc" "3.4.19"
    "@vue/runtime-dom" "3.4.19"
    "@vue/server-renderer" "3.4.19"
    "@vue/shared" "3.4.19"

vuetify@3.1.2:
  version "3.1.2"
  resolved "https://registry.npmjs.org/vuetify/-/vuetify-3.1.2.tgz"
  integrity sha512-vzxfVc1KlEmZ6tHjmrKCt25rKL6YkakbvQAZ0f/s03kHd0pjXKX4pcWuYgA5mZz4yrfZh/cRHvgGt+7A9CXOVg==

vuex@^4.0.2:
  version "4.1.0"
  resolved "https://registry.npmjs.org/vuex/-/vuex-4.1.0.tgz"
  integrity sha512-hmV6UerDrPcgbSy9ORAtNXDr9M4wlNP4pEFKye4ujJF8oqgFFuxDCdOLS3eNoRTtq5O3hoBDh9Doj1bQMYHRbQ==
  dependencies:
    "@vue/devtools-api" "^6.0.0-beta.11"

w3c-keyname@^2.2.0:
  version "2.2.8"
  resolved "https://registry.npmjs.org/w3c-keyname/-/w3c-keyname-2.2.8.tgz"
  integrity sha512-dpojBhNsCNN7T82Tm7k26A6G9ML3NkhDsnw9n/eoxSRlVBB4CEtIQ/KTCLI2Fwf3ataSXRhYFkQi3SlnFwPvPQ==

yallist@^4.0.0:
  version "4.0.0"
  resolved "https://registry.npmjs.org/yallist/-/yallist-4.0.0.tgz"
  integrity sha512-3wdGidZyq5PB084XLES5TpOSRA3wjXAlIWMhum2kRcv/41Sn2emQ0dycQW4uZXLejwKvg6EsvbdlVL+FYEct7A==
